// !$*UTF8*$!
{
	archiveVersion = 1;
	classes = {
	};
	objectVersion = 50;
	objects = {

/* Begin PBXBuildFile section */
		424213302107A4740099530B /* AppDelegate.m in Sources */ = {isa = PBXBuildFile; fileRef = 4242132F2107A4740099530B /* AppDelegate.m */; };
		424213332107A4740099530B /* ViewController.m in Sources */ = {isa = PBXBuildFile; fileRef = 424213322107A4740099530B /* ViewController.m */; };
		424213362107A4740099530B /* Main.storyboard in Resources */ = {isa = PBXBuildFile; fileRef = 424213342107A4740099530B /* Main.storyboard */; };
		424213392107A4740099530B /* objC.xcdatamodeld in Sources */ = {isa = PBXBuildFile; fileRef = 424213372107A4740099530B /* objC.xcdatamodeld */; };
		4242133B2107A4760099530B /* Assets.xcassets in Resources */ = {isa = PBXBuildFile; fileRef = 4242133A2107A4760099530B /* Assets.xcassets */; };
		4242133E2107A4760099530B /* LaunchScreen.storyboard in Resources */ = {isa = PBXBuildFile; fileRef = 4242133C2107A4760099530B /* LaunchScreen.storyboard */; };
		424213412107A4760099530B /* main.m in Sources */ = {isa = PBXBuildFile; fileRef = 424213402107A4760099530B /* main.m */; };
		424213492107A7670099530B /* Games.m in Sources */ = {isa = PBXBuildFile; fileRef = 424213482107A7670099530B /* Games.m */; };
		4242134C2107A7F60099530B /* GameCell.m in Sources */ = {isa = PBXBuildFile; fileRef = 4242134B2107A7F60099530B /* GameCell.m */; };
		4242134F2108A3F50099530B /* GameDetailsController.m in Sources */ = {isa = PBXBuildFile; fileRef = 4242134E2108A3F50099530B /* GameDetailsController.m */; };
/* End PBXBuildFile section */

/* Begin PBXFileReference section */
		4242132B2107A4740099530B /* objC.app */ = {isa = PBXFileReference; explicitFileType = wrapper.application; includeInIndex = 0; path = objC.app; sourceTree = BUILT_PRODUCTS_DIR; };
		4242132E2107A4740099530B /* AppDelegate.h */ = {isa = PBXFileReference; lastKnownFileType = sourcecode.c.h; path = AppDelegate.h; sourceTree = "<group>"; };
		4242132F2107A4740099530B /* AppDelegate.m */ = {isa = PBXFileReference; lastKnownFileType = sourcecode.c.objc; path = AppDelegate.m; sourceTree = "<group>"; };
		424213312107A4740099530B /* ViewController.h */ = {isa = PBXFileReference; lastKnownFileType = sourcecode.c.h; path = ViewController.h; sourceTree = "<group>"; };
		424213322107A4740099530B /* ViewController.m */ = {isa = PBXFileReference; lastKnownFileType = sourcecode.c.objc; path = ViewController.m; sourceTree = "<group>"; };
		424213352107A4740099530B /* Base */ = {isa = PBXFileReference; lastKnownFileType = file.storyboard; name = Base; path = Base.lproj/Main.storyboard; sourceTree = "<group>"; };
		424213382107A4740099530B /* objC.xcdatamodel */ = {isa = PBXFileReference; lastKnownFileType = wrapper.xcdatamodel; path = objC.xcdatamodel; sourceTree = "<group>"; };
		4242133A2107A4760099530B /* Assets.xcassets */ = {isa = PBXFileReference; lastKnownFileType = folder.assetcatalog; path = Assets.xcassets; sourceTree = "<group>"; };
		4242133D2107A4760099530B /* Base */ = {isa = PBXFileReference; lastKnownFileType = file.storyboard; name = Base; path = Base.lproj/LaunchScreen.storyboard; sourceTree = "<group>"; };
		4242133F2107A4760099530B /* Info.plist */ = {isa = PBXFileReference; lastKnownFileType = text.plist.xml; path = Info.plist; sourceTree = "<group>"; };
		424213402107A4760099530B /* main.m */ = {isa = PBXFileReference; lastKnownFileType = sourcecode.c.objc; path = main.m; sourceTree = "<group>"; };
		424213472107A7670099530B /* Games.h */ = {isa = PBXFileReference; lastKnownFileType = sourcecode.c.h; path = Games.h; sourceTree = "<group>"; };
		424213482107A7670099530B /* Games.m */ = {isa = PBXFileReference; lastKnownFileType = sourcecode.c.objc; path = Games.m; sourceTree = "<group>"; };
		4242134A2107A7F60099530B /* GameCell.h */ = {isa = PBXFileReference; lastKnownFileType = sourcecode.c.h; path = GameCell.h; sourceTree = "<group>"; };
		4242134B2107A7F60099530B /* GameCell.m */ = {isa = PBXFileReference; lastKnownFileType = sourcecode.c.objc; path = GameCell.m; sourceTree = "<group>"; };
		4242134D2108A3F50099530B /* GameDetailsController.h */ = {isa = PBXFileReference; lastKnownFileType = sourcecode.c.h; path = GameDetailsController.h; sourceTree = "<group>"; };
		4242134E2108A3F50099530B /* GameDetailsController.m */ = {isa = PBXFileReference; lastKnownFileType = sourcecode.c.objc; path = GameDetailsController.m; sourceTree = "<group>"; };
/* End PBXFileReference section */

/* Begin PBXFrameworksBuildPhase section */
		424213282107A4740099530B /* Frameworks */ = {
			isa = PBXFrameworksBuildPhase;
			buildActionMask = 2147483647;
			files = (
			);
			runOnlyForDeploymentPostprocessing = 0;
		};
/* End PBXFrameworksBuildPhase section */

/* Begin PBXGroup section */
		424213222107A4740099530B = {
			isa = PBXGroup;
			children = (
				4242132D2107A4740099530B /* objC */,
				4242132C2107A4740099530B /* Products */,
			);
			sourceTree = "<group>";
		};
		4242132C2107A4740099530B /* Products */ = {
			isa = PBXGroup;
			children = (
				4242132B2107A4740099530B /* objC.app */,
			);
			name = Products;
			sourceTree = "<group>";
		};
		4242132D2107A4740099530B /* objC */ = {
			isa = PBXGroup;
			children = (
				4242132E2107A4740099530B /* AppDelegate.h */,
				4242132F2107A4740099530B /* AppDelegate.m */,
				424213312107A4740099530B /* ViewController.h */,
				424213322107A4740099530B /* ViewController.m */,
				424213472107A7670099530B /* Games.h */,
				424213482107A7670099530B /* Games.m */,
				424213342107A4740099530B /* Main.storyboard */,
				4242134D2108A3F50099530B /* GameDetailsController.h */,
				4242134E2108A3F50099530B /* GameDetailsController.m */,
				4242134A2107A7F60099530B /* GameCell.h */,
				4242134B2107A7F60099530B /* GameCell.m */,
				4242133A2107A4760099530B /* Assets.xcassets */,
				4242133C2107A4760099530B /* LaunchScreen.storyboard */,
				4242133F2107A4760099530B /* Info.plist */,
				424213402107A4760099530B /* main.m */,
				424213372107A4740099530B /* objC.xcdatamodeld */,
			);
			path = objC;
			sourceTree = "<group>";
		};
/* End PBXGroup section */

/* Begin PBXNativeTarget section */
		4242132A2107A4740099530B /* objC */ = {
			isa = PBXNativeTarget;
			buildConfigurationList = 424213442107A4760099530B /* Build configuration list for PBXNativeTarget "objC" */;
			buildPhases = (
				424213272107A4740099530B /* Sources */,
				424213282107A4740099530B /* Frameworks */,
				424213292107A4740099530B /* Resources */,
			);
			buildRules = (
			);
			dependencies = (
			);
			name = objC;
			productName = objC;
			productReference = 4242132B2107A4740099530B /* objC.app */;
			productType = "com.apple.product-type.application";
		};
/* End PBXNativeTarget section */

/* Begin PBXProject section */
		424213232107A4740099530B /* Project object */ = {
			isa = PBXProject;
			attributes = {
				LastUpgradeCheck = 0940;
				ORGANIZATIONNAME = "Larissa Ganaha";
				TargetAttributes = {
					4242132A2107A4740099530B = {
						CreatedOnToolsVersion = 9.4.1;
					};
				};
			};
			buildConfigurationList = 424213262107A4740099530B /* Build configuration list for PBXProject "objC" */;
			compatibilityVersion = "Xcode 9.3";
			developmentRegion = en;
			hasScannedForEncodings = 0;
			knownRegions = (
				en,
				Base,
			);
			mainGroup = 424213222107A4740099530B;
			productRefGroup = 4242132C2107A4740099530B /* Products */;
			projectDirPath = "";
			projectRoot = "";
			targets = (
				4242132A2107A4740099530B /* objC */,
			);
		};
/* End PBXProject section */

/* Begin PBXResourcesBuildPhase section */
		424213292107A4740099530B /* Resources */ = {
			isa = PBXResourcesBuildPhase;
			buildActionMask = 2147483647;
			files = (
				4242133E2107A4760099530B /* LaunchScreen.storyboard in Resources */,
				4242133B2107A4760099530B /* Assets.xcassets in Resources */,
				424213362107A4740099530B /* Main.storyboard in Resources */,
			);
			runOnlyForDeploymentPostprocessing = 0;
		};
/* End PBXResourcesBuildPhase section */

/* Begin PBXSourcesBuildPhase section */
		424213272107A4740099530B /* Sources */ = {
			isa = PBXSourcesBuildPhase;
			buildActionMask = 2147483647;
			files = (
				424213332107A4740099530B /* ViewController.m in Sources */,
				424213392107A4740099530B /* objC.xcdatamodeld in Sources */,
				4242134F2108A3F50099530B /* GameDetailsController.m in Sources */,
				424213412107A4760099530B /* main.m in Sources */,
				4242134C2107A7F60099530B /* GameCell.m in Sources */,
				424213302107A4740099530B /* AppDelegate.m in Sources */,
				424213492107A7670099530B /* Games.m in Sources */,
			);
			runOnlyForDeploymentPostprocessing = 0;
		};
/* End PBXSourcesBuildPhase section */

/* Begin PBXVariantGroup section */
		424213342107A4740099530B /* Main.storyboard */ = {
			isa = PBXVariantGroup;
			children = (
				424213352107A4740099530B /* Base */,
			);
			name = Main.storyboard;
			sourceTree = "<group>";
		};
		4242133C2107A4760099530B /* LaunchScreen.storyboard */ = {
			isa = PBXVariantGroup;
			children = (
				4242133D2107A4760099530B /* Base */,
			);
			name = LaunchScreen.storyboard;
			sourceTree = "<group>";
		};
/* End PBXVariantGroup section */

/* Begin XCBuildConfiguration section */
		424213422107A4760099530B /* Debug */ = {
			isa = XCBuildConfiguration;
			buildSettings = {
				ALWAYS_SEARCH_USER_PATHS = NO;
				CLANG_ANALYZER_NONNULL = YES;
				CLANG_ANALYZER_NUMBER_OBJECT_CONVERSION = YES_AGGRESSIVE;
				CLANG_CXX_LANGUAGE_STANDARD = "gnu++14";
				CLANG_CXX_LIBRARY = "libc++";
				CLANG_ENABLE_MODULES = YES;
				CLANG_ENABLE_OBJC_ARC = YES;
				CLANG_ENABLE_OBJC_WEAK = YES;
				CLANG_WARN_BLOCK_CAPTURE_AUTORELEASING = YES;
				CLANG_WARN_BOOL_CONVERSION = YES;
				CLANG_WARN_COMMA = YES;
				CLANG_WARN_CONSTANT_CONVERSION = YES;
				CLANG_WARN_DEPRECATED_OBJC_IMPLEMENTATIONS = YES;
				CLANG_WARN_DIRECT_OBJC_ISA_USAGE = YES_ERROR;
				CLANG_WARN_DOCUMENTATION_COMMENTS = YES;
				CLANG_WARN_EMPTY_BODY = YES;
				CLANG_WARN_ENUM_CONVERSION = YES;
				CLANG_WARN_INFINITE_RECURSION = YES;
				CLANG_WARN_INT_CONVERSION = YES;
				CLANG_WARN_NON_LITERAL_NULL_CONVERSION = YES;
				CLANG_WARN_OBJC_IMPLICIT_RETAIN_SELF = YES;
				CLANG_WARN_OBJC_LITERAL_CONVERSION = YES;
				CLANG_WARN_OBJC_ROOT_CLASS = YES_ERROR;
				CLANG_WARN_RANGE_LOOP_ANALYSIS = YES;
				CLANG_WARN_STRICT_PROTOTYPES = YES;
				CLANG_WARN_SUSPICIOUS_MOVE = YES;
				CLANG_WARN_UNGUARDED_AVAILABILITY = YES_AGGRESSIVE;
				CLANG_WARN_UNREACHABLE_CODE = YES;
				CLANG_WARN__DUPLICATE_METHOD_MATCH = YES;
				CODE_SIGN_IDENTITY = "iPhone Developer";
				COPY_PHASE_STRIP = NO;
				DEBUG_INFORMATION_FORMAT = dwarf;
				ENABLE_STRICT_OBJC_MSGSEND = YES;
				ENABLE_TESTABILITY = YES;
				GCC_C_LANGUAGE_STANDARD = gnu11;
				GCC_DYNAMIC_NO_PIC = NO;
				GCC_NO_COMMON_BLOCKS = YES;
				GCC_OPTIMIZATION_LEVEL = 0;
				GCC_PREPROCESSOR_DEFINITIONS = (
					"DEBUG=1",
					"$(inherited)",
				);
				GCC_WARN_64_TO_32_BIT_CONVERSION = YES;
				GCC_WARN_ABOUT_RETURN_TYPE = YES_ERROR;
				GCC_WARN_UNDECLARED_SELECTOR = YES;
				GCC_WARN_UNINITIALIZED_AUTOS = YES_AGGRESSIVE;
				GCC_WARN_UNUSED_FUNCTION = YES;
				GCC_WARN_UNUSED_VARIABLE = YES;
				IPHONEOS_DEPLOYMENT_TARGET = 11.4;
				MTL_ENABLE_DEBUG_INFO = YES;
				ONLY_ACTIVE_ARCH = YES;
				SDKROOT = iphoneos;
			};
			name = Debug;
		};
		424213432107A4760099530B /* Release */ = {
			isa = XCBuildConfiguration;
			buildSettings = {
				ALWAYS_SEARCH_USER_PATHS = NO;
				CLANG_ANALYZER_NONNULL = YES;
				CLANG_ANALYZER_NUMBER_OBJECT_CONVERSION = YES_AGGRESSIVE;
				CLANG_CXX_LANGUAGE_STANDARD = "gnu++14";
				CLANG_CXX_LIBRARY = "libc++";
				CLANG_ENABLE_MODULES = YES;
				CLANG_ENABLE_OBJC_ARC = YES;
				CLANG_ENABLE_OBJC_WEAK = YES;
				CLANG_WARN_BLOCK_CAPTURE_AUTORELEASING = YES;
				CLANG_WARN_BOOL_CONVERSION = YES;
				CLANG_WARN_COMMA = YES;
				CLANG_WARN_CONSTANT_CONVERSION = YES;
				CLANG_WARN_DEPRECATED_OBJC_IMPLEMENTATIONS = YES;
				CLANG_WARN_DIRECT_OBJC_ISA_USAGE = YES_ERROR;
				CLANG_WARN_DOCUMENTATION_COMMENTS = YES;
				CLANG_WARN_EMPTY_BODY = YES;
				CLANG_WARN_ENUM_CONVERSION = YES;
				CLANG_WARN_INFINITE_RECURSION = YES;
				CLANG_WARN_INT_CONVERSION = YES;
				CLANG_WARN_NON_LITERAL_NULL_CONVERSION = YES;
				CLANG_WARN_OBJC_IMPLICIT_RETAIN_SELF = YES;
				CLANG_WARN_OBJC_LITERAL_CONVERSION = YES;
				CLANG_WARN_OBJC_ROOT_CLASS = YES_ERROR;
				CLANG_WARN_RANGE_LOOP_ANALYSIS = YES;
				CLANG_WARN_STRICT_PROTOTYPES = YES;
				CLANG_WARN_SUSPICIOUS_MOVE = YES;
				CLANG_WARN_UNGUARDED_AVAILABILITY = YES_AGGRESSIVE;
				CLANG_WARN_UNREACHABLE_CODE = YES;
				CLANG_WARN__DUPLICATE_METHOD_MATCH = YES;
				CODE_SIGN_IDENTITY = "iPhone Developer";
				COPY_PHASE_STRIP = NO;
				DEBUG_INFORMATION_FORMAT = "dwarf-with-dsym";
				ENABLE_NS_ASSERTIONS = NO;
				ENABLE_STRICT_OBJC_MSGSEND = YES;
				GCC_C_LANGUAGE_STANDARD = gnu11;
				GCC_NO_COMMON_BLOCKS = YES;
				GCC_WARN_64_TO_32_BIT_CONVERSION = YES;
				GCC_WARN_ABOUT_RETURN_TYPE = YES_ERROR;
				GCC_WARN_UNDECLARED_SELECTOR = YES;
				GCC_WARN_UNINITIALIZED_AUTOS = YES_AGGRESSIVE;
				GCC_WARN_UNUSED_FUNCTION = YES;
				GCC_WARN_UNUSED_VARIABLE = YES;
				IPHONEOS_DEPLOYMENT_TARGET = 11.4;
				MTL_ENABLE_DEBUG_INFO = NO;
				SDKROOT = iphoneos;
				VALIDATE_PRODUCT = YES;
			};
			name = Release;
		};
		424213452107A4760099530B /* Debug */ = {
			isa = XCBuildConfiguration;
			buildSettings = {
				ASSETCATALOG_COMPILER_APPICON_NAME = AppIcon;
				CODE_SIGN_STYLE = Automatic;
				DEVELOPMENT_TEAM = 7W6V69HBWC;
				INFOPLIST_FILE = objC/Info.plist;
				LD_RUNPATH_SEARCH_PATHS = (
					"$(inherited)",
					"@executable_path/Frameworks",
				);
				PRODUCT_BUNDLE_IDENTIFIER = com.ganaha.objC;
				PRODUCT_NAME = "$(TARGET_NAME)";
				TARGETED_DEVICE_FAMILY = "1,2";
			};
			name = Debug;
		};
		424213462107A4760099530B /* Release */ = {
			isa = XCBuildConfiguration;
			buildSettings = {
				ASSETCATALOG_COMPILER_APPICON_NAME = AppIcon;
				CODE_SIGN_STYLE = Automatic;
				DEVELOPMENT_TEAM = 7W6V69HBWC;
				INFOPLIST_FILE = objC/Info.plist;
				LD_RUNPATH_SEARCH_PATHS = (
					"$(inherited)",
					"@executable_path/Frameworks",
				);
				PRODUCT_BUNDLE_IDENTIFIER = com.ganaha.objC;
				PRODUCT_NAME = "$(TARGET_NAME)";
				TARGETED_DEVICE_FAMILY = "1,2";
			};
			name = Release;
		};
/* End XCBuildConfiguration section */

/* Begin XCConfigurationList section */
		424213262107A4740099530B /* Build configuration list for PBXProject "objC" */ = {
			isa = XCConfigurationList;
			buildConfigurations = (
				424213422107A4760099530B /* Debug */,
				424213432107A4760099530B /* Release */,
			);
			defaultConfigurationIsVisible = 0;
			defaultConfigurationName = Release;
		};
		424213442107A4760099530B /* Build configuration list for PBXNativeTarget "objC" */ = {
			isa = XCConfigurationList;
			buildConfigurations = (
				424213452107A4760099530B /* Debug */,
				424213462107A4760099530B /* Release */,
			);
			defaultConfigurationIsVisible = 0;
			defaultConfigurationName = Release;
		};
/* End XCConfigurationList section */

/* Begin XCVersionGroup section */
		424213372107A4740099530B /* objC.xcdatamodeld */ = {
			isa = XCVersionGroup;
			children = (
				424213382107A4740099530B /* objC.xcdatamodel */,
			);
			currentVersion = 424213382107A4740099530B /* objC.xcdatamodel */;
			path = objC.xcdatamodeld;
			sourceTree = "<group>";
			versionGroupType = wrapper.xcdatamodel;
		};
/* End XCVersionGroup section */
	};
	rootObject = 424213232107A4740099530B /* Project object */;
}
